
Microsoft Visual Studio Solution File, Format Version 12.00
# Visual Studio Version 17
VisualStudioVersion = 17.5.33414.496
MinimumVisualStudioVersion = 10.0.40219.1
Project("{FAE04EC0-301F-11D3-BF4B-00C04F79EFBC}") = "Firstproject1", "Firstproject1\Firstproject1.csproj", "{53511DAB-6676-4B4A-8C69-0147D9B8B501}"
EndProject
Global
	GlobalSection(SolutionConfigurationPlatforms) = preSolution
		Debug|Any CPU = Debug|Any CPU
		Release|Any CPU = Release|Any CPU
	EndGlobalSection
	GlobalSection(ProjectConfigurationPlatforms) = postSolution
		{53511DAB-6676-4B4A-8C69-0147D9B8B501}.Debug|Any CPU.ActiveCfg = Debug|Any CPU
		{53511DAB-6676-4B4A-8C69-0147D9B8B501}.Debug|Any CPU.Build.0 = Debug|Any CPU
		{53511DAB-6676-4B4A-8C69-0147D9B8B501}.Release|Any CPU.ActiveCfg = Release|Any CPU
		{53511DAB-6676-4B4A-8C69-0147D9B8B501}.Release|Any CPU.Build.0 = Release|Any CPU
	EndGlobalSection
	GlobalSection(SolutionProperties) = preSolution
		HideSolutionNode = FALSE
	EndGlobalSection
	GlobalSection(ExtensibilityGlobals) = postSolution
		SolutionGuid = {1730F2C8-FA51-46DB-9608-1F3DBD0C3A37}
	EndGlobalSection
EndGlobal
